
Microsoft Visual Studio Solution File, Format Version 12.00
# Visual Studio Version 17
VisualStudioVersion = 17.9.34902.65
MinimumVisualStudioVersion = 10.0.40219.1
Project("{FAE04EC0-301F-11D3-BF4B-00C04F79EFBC}") = "api", "api.csproj", "{491F66F8-F9DA-4E30-900B-7392A3F5106F}"
EndProject
Global
	GlobalSection(SolutionConfigurationPlatforms) = preSolution
		Debug|Any CPU = Debug|Any CPU
		Release|Any CPU = Release|Any CPU
	EndGlobalSection
	GlobalSection(ProjectConfigurationPlatforms) = postSolution
		{491F66F8-F9DA-4E30-900B-7392A3F5106F}.Debug|Any CPU.ActiveCfg = Debug|Any CPU
		{491F66F8-F9DA-4E30-900B-7392A3F5106F}.Debug|Any CPU.Build.0 = Debug|Any CPU
		{491F66F8-F9DA-4E30-900B-7392A3F5106F}.Release|Any CPU.ActiveCfg = Release|Any CPU
		{491F66F8-F9DA-4E30-900B-7392A3F5106F}.Release|Any CPU.Build.0 = Release|Any CPU
	EndGlobalSection
	GlobalSection(SolutionProperties) = preSolution
		HideSolutionNode = FALSE
	EndGlobalSection
	GlobalSection(ExtensibilityGlobals) = postSolution
		SolutionGuid = {E691C0A2-1DDC-4714-8362-18D9F79AD899}
	EndGlobalSection
EndGlobal
